
Microsoft Visual Studio Solution File, Format Version 12.00
# Visual Studio Version 16
VisualStudioVersion = 16.0.29123.88
MinimumVisualStudioVersion = 10.0.40219.1
Project("{FAE04EC0-301F-11D3-BF4B-00C04F79EFBC}") = "Lab_6_Korbut", "Lab_6_Korbut.csproj", "{41611C30-146C-4DB2-8B0B-378BE7385791}"
EndProject
Project("{FAE04EC0-301F-11D3-BF4B-00C04F79EFBC}") = "Lab_6_Korbut_task_2", "Lab_6_Korbut_task_2\Lab_6_Korbut_task_2.csproj", "{D877D5F1-74AC-4CF9-8406-2FC2E138DE94}"
EndProject
Project("{FAE04EC0-301F-11D3-BF4B-00C04F79EFBC}") = "Lab_6_Korbut_task_3", "Lab_6_Korbut_task_3\Lab_6_Korbut_task_3.csproj", "{DED67D22-4865-4975-B53B-7220A2CD40D5}"
EndProject
Project("{FAE04EC0-301F-11D3-BF4B-00C04F79EFBC}") = "Lab_6_Korbut_task_4", "Lab_6_Korbut_task_4\Lab_6_Korbut_task_4.csproj", "{2E992A4C-0856-48B0-B2C6-C20CA6B3A8FE}"
EndProject
Global
	GlobalSection(SolutionConfigurationPlatforms) = preSolution
		Debug|Any CPU = Debug|Any CPU
		Release|Any CPU = Release|Any CPU
	EndGlobalSection
	GlobalSection(ProjectConfigurationPlatforms) = postSolution
		{41611C30-146C-4DB2-8B0B-378BE7385791}.Debug|Any CPU.ActiveCfg = Debug|Any CPU
		{41611C30-146C-4DB2-8B0B-378BE7385791}.Debug|Any CPU.Build.0 = Debug|Any CPU
		{41611C30-146C-4DB2-8B0B-378BE7385791}.Release|Any CPU.ActiveCfg = Release|Any CPU
		{41611C30-146C-4DB2-8B0B-378BE7385791}.Release|Any CPU.Build.0 = Release|Any CPU
		{D877D5F1-74AC-4CF9-8406-2FC2E138DE94}.Debug|Any CPU.ActiveCfg = Debug|Any CPU
		{D877D5F1-74AC-4CF9-8406-2FC2E138DE94}.Debug|Any CPU.Build.0 = Debug|Any CPU
		{D877D5F1-74AC-4CF9-8406-2FC2E138DE94}.Release|Any CPU.ActiveCfg = Release|Any CPU
		{D877D5F1-74AC-4CF9-8406-2FC2E138DE94}.Release|Any CPU.Build.0 = Release|Any CPU
		{DED67D22-4865-4975-B53B-7220A2CD40D5}.Debug|Any CPU.ActiveCfg = Debug|Any CPU
		{DED67D22-4865-4975-B53B-7220A2CD40D5}.Debug|Any CPU.Build.0 = Debug|Any CPU
		{DED67D22-4865-4975-B53B-7220A2CD40D5}.Release|Any CPU.ActiveCfg = Release|Any CPU
		{DED67D22-4865-4975-B53B-7220A2CD40D5}.Release|Any CPU.Build.0 = Release|Any CPU
		{2E992A4C-0856-48B0-B2C6-C20CA6B3A8FE}.Debug|Any CPU.ActiveCfg = Debug|Any CPU
		{2E992A4C-0856-48B0-B2C6-C20CA6B3A8FE}.Debug|Any CPU.Build.0 = Debug|Any CPU
		{2E992A4C-0856-48B0-B2C6-C20CA6B3A8FE}.Release|Any CPU.ActiveCfg = Release|Any CPU
		{2E992A4C-0856-48B0-B2C6-C20CA6B3A8FE}.Release|Any CPU.Build.0 = Release|Any CPU
	EndGlobalSection
	GlobalSection(SolutionProperties) = preSolution
		HideSolutionNode = FALSE
	EndGlobalSection
	GlobalSection(ExtensibilityGlobals) = postSolution
		SolutionGuid = {8FFBFC49-90E7-47FB-AFD6-FD7343C85B72}
	EndGlobalSection
EndGlobal
